
Microsoft Visual Studio Solution File, Format Version 12.00
# Visual Studio 15
VisualStudioVersion = 15.0.27004.2009
MinimumVisualStudioVersion = 10.0.40219.1
Project("{FAE04EC0-301F-11D3-BF4B-00C04F79EFBC}") = "TextAdventure", "TextAdventure\TextAdventure.csproj", "{D9EBD1F3-0BE7-463F-B3F0-A02045D189FD}"
EndProject
Project("{FAE04EC0-301F-11D3-BF4B-00C04F79EFBC}") = "Decisions", "Decisions\Decisions.csproj", "{13DE8FCB-4939-4556-96B1-35FA4EA2F5FD}"
EndProject
Project("{FAE04EC0-301F-11D3-BF4B-00C04F79EFBC}") = "ForIteration", "ForIteration\ForIteration.csproj", "{E2FE8499-69CD-4982-AA65-021D5421D3C5}"
EndProject
Project("{FAE04EC0-301F-11D3-BF4B-00C04F79EFBC}") = "SimpleMethod", "SimpleMethod\SimpleMethod.csproj", "{1CC59AE7-C916-4919-A145-4587D3FC55DB}"
EndProject
Project("{FAE04EC0-301F-11D3-BF4B-00C04F79EFBC}") = "WhileIteration", "WhileIteration\WhileIteration.csproj", "{D4CA066F-05CF-4B79-B14A-B1EB33C08704}"
EndProject
Global
	GlobalSection(SolutionConfigurationPlatforms) = preSolution
		Debug|Any CPU = Debug|Any CPU
		Release|Any CPU = Release|Any CPU
	EndGlobalSection
	GlobalSection(ProjectConfigurationPlatforms) = postSolution
		{D9EBD1F3-0BE7-463F-B3F0-A02045D189FD}.Debug|Any CPU.ActiveCfg = Debug|Any CPU
		{D9EBD1F3-0BE7-463F-B3F0-A02045D189FD}.Debug|Any CPU.Build.0 = Debug|Any CPU
		{D9EBD1F3-0BE7-463F-B3F0-A02045D189FD}.Release|Any CPU.ActiveCfg = Release|Any CPU
		{D9EBD1F3-0BE7-463F-B3F0-A02045D189FD}.Release|Any CPU.Build.0 = Release|Any CPU
		{13DE8FCB-4939-4556-96B1-35FA4EA2F5FD}.Debug|Any CPU.ActiveCfg = Debug|Any CPU
		{13DE8FCB-4939-4556-96B1-35FA4EA2F5FD}.Debug|Any CPU.Build.0 = Debug|Any CPU
		{13DE8FCB-4939-4556-96B1-35FA4EA2F5FD}.Release|Any CPU.ActiveCfg = Release|Any CPU
		{13DE8FCB-4939-4556-96B1-35FA4EA2F5FD}.Release|Any CPU.Build.0 = Release|Any CPU
		{E2FE8499-69CD-4982-AA65-021D5421D3C5}.Debug|Any CPU.ActiveCfg = Debug|Any CPU
		{E2FE8499-69CD-4982-AA65-021D5421D3C5}.Debug|Any CPU.Build.0 = Debug|Any CPU
		{E2FE8499-69CD-4982-AA65-021D5421D3C5}.Release|Any CPU.ActiveCfg = Release|Any CPU
		{E2FE8499-69CD-4982-AA65-021D5421D3C5}.Release|Any CPU.Build.0 = Release|Any CPU
		{1CC59AE7-C916-4919-A145-4587D3FC55DB}.Debug|Any CPU.ActiveCfg = Debug|Any CPU
		{1CC59AE7-C916-4919-A145-4587D3FC55DB}.Debug|Any CPU.Build.0 = Debug|Any CPU
		{1CC59AE7-C916-4919-A145-4587D3FC55DB}.Release|Any CPU.ActiveCfg = Release|Any CPU
		{1CC59AE7-C916-4919-A145-4587D3FC55DB}.Release|Any CPU.Build.0 = Release|Any CPU
		{D4CA066F-05CF-4B79-B14A-B1EB33C08704}.Debug|Any CPU.ActiveCfg = Debug|Any CPU
		{D4CA066F-05CF-4B79-B14A-B1EB33C08704}.Debug|Any CPU.Build.0 = Debug|Any CPU
		{D4CA066F-05CF-4B79-B14A-B1EB33C08704}.Release|Any CPU.ActiveCfg = Release|Any CPU
		{D4CA066F-05CF-4B79-B14A-B1EB33C08704}.Release|Any CPU.Build.0 = Release|Any CPU
	EndGlobalSection
	GlobalSection(SolutionProperties) = preSolution
		HideSolutionNode = FALSE
	EndGlobalSection
	GlobalSection(ExtensibilityGlobals) = postSolution
		SolutionGuid = {7A1F22F6-318B-46A4-9300-4F3F25CD86BE}
	EndGlobalSection
EndGlobal
