
Microsoft Visual Studio Solution File, Format Version 12.00
# Visual Studio 15
VisualStudioVersion = 15.0.27004.2009
MinimumVisualStudioVersion = 10.0.40219.1
Project("{FAE04EC0-301F-11D3-BF4B-00C04F79EFBC}") = "UnderstandingArrays", "UnderstandingArrays\UnderstandingArrays.csproj", "{7A4244BC-EAE6-4011-BF46-443B2909C950}"
EndProject
Global
	GlobalSection(SolutionConfigurationPlatforms) = preSolution
		Debug|Any CPU = Debug|Any CPU
		Release|Any CPU = Release|Any CPU
	EndGlobalSection
	GlobalSection(ProjectConfigurationPlatforms) = postSolution
		{7A4244BC-EAE6-4011-BF46-443B2909C950}.Debug|Any CPU.ActiveCfg = Debug|Any CPU
		{7A4244BC-EAE6-4011-BF46-443B2909C950}.Debug|Any CPU.Build.0 = Debug|Any CPU
		{7A4244BC-EAE6-4011-BF46-443B2909C950}.Release|Any CPU.ActiveCfg = Release|Any CPU
		{7A4244BC-EAE6-4011-BF46-443B2909C950}.Release|Any CPU.Build.0 = Release|Any CPU
	EndGlobalSection
	GlobalSection(SolutionProperties) = preSolution
		HideSolutionNode = FALSE
	EndGlobalSection
	GlobalSection(ExtensibilityGlobals) = postSolution
		SolutionGuid = {F9390267-628C-468D-B00F-FB2B6136D38B}
	EndGlobalSection
EndGlobal
